
Microsoft Visual Studio Solution File, Format Version 12.00
# Visual Studio Version 17
VisualStudioVersion = 17.1.32421.90
MinimumVisualStudioVersion = 10.0.40219.1
Project("{FAE04EC0-301F-11D3-BF4B-00C04F79EFBC}") = "FindAllComps", "FindAllComps.csproj", "{37C5B062-DD09-433D-BACD-CD86DF35BC60}"
EndProject
Global
	GlobalSection(SolutionConfigurationPlatforms) = preSolution
		Debug|Any CPU = Debug|Any CPU
		Release|Any CPU = Release|Any CPU
	EndGlobalSection
	GlobalSection(ProjectConfigurationPlatforms) = postSolution
		{37C5B062-DD09-433D-BACD-CD86DF35BC60}.Debug|Any CPU.ActiveCfg = Debug|Any CPU
		{37C5B062-DD09-433D-BACD-CD86DF35BC60}.Debug|Any CPU.Build.0 = Debug|Any CPU
		{37C5B062-DD09-433D-BACD-CD86DF35BC60}.Release|Any CPU.ActiveCfg = Release|Any CPU
		{37C5B062-DD09-433D-BACD-CD86DF35BC60}.Release|Any CPU.Build.0 = Release|Any CPU
	EndGlobalSection
	GlobalSection(SolutionProperties) = preSolution
		HideSolutionNode = FALSE
	EndGlobalSection
	GlobalSection(ExtensibilityGlobals) = postSolution
		SolutionGuid = {EA1E1452-0467-4F1C-9A5C-C826BB8B2334}
	EndGlobalSection
EndGlobal
