
Microsoft Visual Studio Solution File, Format Version 12.00
# Visual Studio Version 17
VisualStudioVersion = 17.10.35004.147
MinimumVisualStudioVersion = 10.0.40219.1
Project("{9A19103F-16F7-4668-BE54-9A1E7A4F7556}") = "1.FtpSampleApp", "FtpClientConsole\1.FtpSampleApp.csproj", "{63D6573F-F19E-47D0-8C55-190827F470FA}"
EndProject
Project("{FAE04EC0-301F-11D3-BF4B-00C04F79EFBC}") = "2.FTPClientApp", "FTPClientApp\2.FTPClientApp.csproj", "{A46B0693-85B0-4D4A-8703-D87DC853ADD7}"
EndProject
Project("{FAE04EC0-301F-11D3-BF4B-00C04F79EFBC}") = "3.FtpExplorer", "FTPClientApp2\3.FtpExplorer.csproj", "{C8520D2F-97A3-4B81-909E-8CCED320B5D4}"
EndProject
Project("{FAE04EC0-301F-11D3-BF4B-00C04F79EFBC}") = "FtpClientExample", "[Advanced]FTPClientServer\FtpClientExample\FtpClientExample.csproj", "{60ABC908-E932-4A5C-9A50-3F51D34DB2BC}"
EndProject
Project("{FAE04EC0-301F-11D3-BF4B-00C04F79EFBC}") = "FtpServerExample", "[Advanced]FTPClientServer\FtpServerExample\FtpServerExample.csproj", "{D14CF579-B63C-4A2E-9DAA-8B2619C3AA4E}"
EndProject
Global
	GlobalSection(SolutionConfigurationPlatforms) = preSolution
		Debug|Any CPU = Debug|Any CPU
		Release|Any CPU = Release|Any CPU
	EndGlobalSection
	GlobalSection(ProjectConfigurationPlatforms) = postSolution
		{63D6573F-F19E-47D0-8C55-190827F470FA}.Debug|Any CPU.ActiveCfg = Debug|Any CPU
		{63D6573F-F19E-47D0-8C55-190827F470FA}.Debug|Any CPU.Build.0 = Debug|Any CPU
		{63D6573F-F19E-47D0-8C55-190827F470FA}.Release|Any CPU.ActiveCfg = Release|Any CPU
		{63D6573F-F19E-47D0-8C55-190827F470FA}.Release|Any CPU.Build.0 = Release|Any CPU
		{A46B0693-85B0-4D4A-8703-D87DC853ADD7}.Debug|Any CPU.ActiveCfg = Debug|Any CPU
		{A46B0693-85B0-4D4A-8703-D87DC853ADD7}.Debug|Any CPU.Build.0 = Debug|Any CPU
		{A46B0693-85B0-4D4A-8703-D87DC853ADD7}.Release|Any CPU.ActiveCfg = Release|Any CPU
		{A46B0693-85B0-4D4A-8703-D87DC853ADD7}.Release|Any CPU.Build.0 = Release|Any CPU
		{C8520D2F-97A3-4B81-909E-8CCED320B5D4}.Debug|Any CPU.ActiveCfg = Debug|Any CPU
		{C8520D2F-97A3-4B81-909E-8CCED320B5D4}.Debug|Any CPU.Build.0 = Debug|Any CPU
		{C8520D2F-97A3-4B81-909E-8CCED320B5D4}.Release|Any CPU.ActiveCfg = Release|Any CPU
		{C8520D2F-97A3-4B81-909E-8CCED320B5D4}.Release|Any CPU.Build.0 = Release|Any CPU
		{60ABC908-E932-4A5C-9A50-3F51D34DB2BC}.Debug|Any CPU.ActiveCfg = Debug|Any CPU
		{60ABC908-E932-4A5C-9A50-3F51D34DB2BC}.Debug|Any CPU.Build.0 = Debug|Any CPU
		{60ABC908-E932-4A5C-9A50-3F51D34DB2BC}.Release|Any CPU.ActiveCfg = Release|Any CPU
		{60ABC908-E932-4A5C-9A50-3F51D34DB2BC}.Release|Any CPU.Build.0 = Release|Any CPU
		{D14CF579-B63C-4A2E-9DAA-8B2619C3AA4E}.Debug|Any CPU.ActiveCfg = Debug|Any CPU
		{D14CF579-B63C-4A2E-9DAA-8B2619C3AA4E}.Debug|Any CPU.Build.0 = Debug|Any CPU
		{D14CF579-B63C-4A2E-9DAA-8B2619C3AA4E}.Release|Any CPU.ActiveCfg = Release|Any CPU
		{D14CF579-B63C-4A2E-9DAA-8B2619C3AA4E}.Release|Any CPU.Build.0 = Release|Any CPU
	EndGlobalSection
	GlobalSection(SolutionProperties) = preSolution
		HideSolutionNode = FALSE
	EndGlobalSection
	GlobalSection(ExtensibilityGlobals) = postSolution
		SolutionGuid = {68DA2820-6842-43BE-9EF5-40E4A15683F4}
	EndGlobalSection
EndGlobal
