
Microsoft Visual Studio Solution File, Format Version 12.00
# Visual Studio Version 17
VisualStudioVersion = 17.0.32112.339
MinimumVisualStudioVersion = 10.0.40219.1
Project("{FAE04EC0-301F-11D3-BF4B-00C04F79EFBC}") = "EchoClient", "Echo\EchoClient\EchoClient.csproj", "{6DBB96CE-BE4E-4244-90A9-82067E6A0057}"
EndProject
Project("{2150E333-8FDC-42A3-9474-1A3956D46DE8}") = "3.ECHO", "3.ECHO", "{F2177321-38F4-4882-9B11-F8F3F3B78EC0}"
EndProject
Project("{FAE04EC0-301F-11D3-BF4B-00C04F79EFBC}") = "EchoServer", "Echo\MEchoServer\EchoServer.csproj", "{6F3CA2F8-5BDF-4F86-9F24-6D27AD49CC8F}"
EndProject
Project("{2150E333-8FDC-42A3-9474-1A3956D46DE8}") = "1.UDP", "1.UDP", "{BA835C23-14A4-46C3-9577-A224790B1E97}"
EndProject
Project("{9A19103F-16F7-4668-BE54-9A1E7A4F7556}") = "SocketSamples", "UDP\SocketSamples\SocketSamples.csproj", "{E4646C3D-B44B-4B48-B845-4941CE8A722F}"
EndProject
Project("{9A19103F-16F7-4668-BE54-9A1E7A4F7556}") = "SimpleUDPServer", "UDP\SimpleUDPServer\SimpleUDPServer.csproj", "{6F981EA5-EEB9-4B5E-BB63-4D6E8E03F828}"
EndProject
Project("{9A19103F-16F7-4668-BE54-9A1E7A4F7556}") = "SimpleUDPClient", "UDP\SimpleUDPClient\SimpleUDPClient.csproj", "{9A458B9B-D03E-4C4F-B1A5-88760BE54939}"
EndProject
Project("{9A19103F-16F7-4668-BE54-9A1E7A4F7556}") = "RetryUDPClient", "UDP\RetryUDPClient\RetryUDPClient.csproj", "{FC2A2863-EB7F-4140-A0EC-CFDE4A450233}"
EndProject
Project("{2150E333-8FDC-42A3-9474-1A3956D46DE8}") = "2.BROADCAST", "2.BROADCAST", "{814683D5-C674-4EE8-A8CD-331B6A27FDBB}"
EndProject
Project("{9A19103F-16F7-4668-BE54-9A1E7A4F7556}") = "BadBroadcast", "Broadcast\BadBroadcast\BadBroadcast.csproj", "{A10FDAE4-DA02-4183-844C-8E2303B43E1C}"
EndProject
Project("{9A19103F-16F7-4668-BE54-9A1E7A4F7556}") = "ReceiveBroadcast", "Broadcast\ReceiveBroadcast\ReceiveBroadcast.csproj", "{CFEE58E9-4327-402F-8638-6DDB3124543F}"
EndProject
Project("{9A19103F-16F7-4668-BE54-9A1E7A4F7556}") = "SendBroadcast", "Broadcast\SendBroadcast\SendBroadcast.csproj", "{A52016B6-ABBD-4D5C-AA2C-6FC75D358422}"
EndProject
Project("{FAE04EC0-301F-11D3-BF4B-00C04F79EFBC}") = "BroadcastApp", "BroadcastApp\BroadcastApp.csproj", "{C4368745-2C35-4677-AC96-C73AA529DF76}"
EndProject
Global
	GlobalSection(SolutionConfigurationPlatforms) = preSolution
		Debug|Any CPU = Debug|Any CPU
		Release|Any CPU = Release|Any CPU
	EndGlobalSection
	GlobalSection(ProjectConfigurationPlatforms) = postSolution
		{6DBB96CE-BE4E-4244-90A9-82067E6A0057}.Debug|Any CPU.ActiveCfg = Debug|Any CPU
		{6DBB96CE-BE4E-4244-90A9-82067E6A0057}.Debug|Any CPU.Build.0 = Debug|Any CPU
		{6DBB96CE-BE4E-4244-90A9-82067E6A0057}.Release|Any CPU.ActiveCfg = Release|Any CPU
		{6DBB96CE-BE4E-4244-90A9-82067E6A0057}.Release|Any CPU.Build.0 = Release|Any CPU
		{6F3CA2F8-5BDF-4F86-9F24-6D27AD49CC8F}.Debug|Any CPU.ActiveCfg = Debug|Any CPU
		{6F3CA2F8-5BDF-4F86-9F24-6D27AD49CC8F}.Debug|Any CPU.Build.0 = Debug|Any CPU
		{6F3CA2F8-5BDF-4F86-9F24-6D27AD49CC8F}.Release|Any CPU.ActiveCfg = Release|Any CPU
		{6F3CA2F8-5BDF-4F86-9F24-6D27AD49CC8F}.Release|Any CPU.Build.0 = Release|Any CPU
		{E4646C3D-B44B-4B48-B845-4941CE8A722F}.Debug|Any CPU.ActiveCfg = Debug|Any CPU
		{E4646C3D-B44B-4B48-B845-4941CE8A722F}.Debug|Any CPU.Build.0 = Debug|Any CPU
		{E4646C3D-B44B-4B48-B845-4941CE8A722F}.Release|Any CPU.ActiveCfg = Release|Any CPU
		{E4646C3D-B44B-4B48-B845-4941CE8A722F}.Release|Any CPU.Build.0 = Release|Any CPU
		{6F981EA5-EEB9-4B5E-BB63-4D6E8E03F828}.Debug|Any CPU.ActiveCfg = Debug|Any CPU
		{6F981EA5-EEB9-4B5E-BB63-4D6E8E03F828}.Debug|Any CPU.Build.0 = Debug|Any CPU
		{6F981EA5-EEB9-4B5E-BB63-4D6E8E03F828}.Release|Any CPU.ActiveCfg = Release|Any CPU
		{6F981EA5-EEB9-4B5E-BB63-4D6E8E03F828}.Release|Any CPU.Build.0 = Release|Any CPU
		{9A458B9B-D03E-4C4F-B1A5-88760BE54939}.Debug|Any CPU.ActiveCfg = Debug|Any CPU
		{9A458B9B-D03E-4C4F-B1A5-88760BE54939}.Debug|Any CPU.Build.0 = Debug|Any CPU
		{9A458B9B-D03E-4C4F-B1A5-88760BE54939}.Release|Any CPU.ActiveCfg = Release|Any CPU
		{9A458B9B-D03E-4C4F-B1A5-88760BE54939}.Release|Any CPU.Build.0 = Release|Any CPU
		{FC2A2863-EB7F-4140-A0EC-CFDE4A450233}.Debug|Any CPU.ActiveCfg = Debug|Any CPU
		{FC2A2863-EB7F-4140-A0EC-CFDE4A450233}.Debug|Any CPU.Build.0 = Debug|Any CPU
		{FC2A2863-EB7F-4140-A0EC-CFDE4A450233}.Release|Any CPU.ActiveCfg = Release|Any CPU
		{FC2A2863-EB7F-4140-A0EC-CFDE4A450233}.Release|Any CPU.Build.0 = Release|Any CPU
		{A10FDAE4-DA02-4183-844C-8E2303B43E1C}.Debug|Any CPU.ActiveCfg = Debug|Any CPU
		{A10FDAE4-DA02-4183-844C-8E2303B43E1C}.Debug|Any CPU.Build.0 = Debug|Any CPU
		{A10FDAE4-DA02-4183-844C-8E2303B43E1C}.Release|Any CPU.ActiveCfg = Release|Any CPU
		{A10FDAE4-DA02-4183-844C-8E2303B43E1C}.Release|Any CPU.Build.0 = Release|Any CPU
		{CFEE58E9-4327-402F-8638-6DDB3124543F}.Debug|Any CPU.ActiveCfg = Debug|Any CPU
		{CFEE58E9-4327-402F-8638-6DDB3124543F}.Debug|Any CPU.Build.0 = Debug|Any CPU
		{CFEE58E9-4327-402F-8638-6DDB3124543F}.Release|Any CPU.ActiveCfg = Release|Any CPU
		{CFEE58E9-4327-402F-8638-6DDB3124543F}.Release|Any CPU.Build.0 = Release|Any CPU
		{A52016B6-ABBD-4D5C-AA2C-6FC75D358422}.Debug|Any CPU.ActiveCfg = Debug|Any CPU
		{A52016B6-ABBD-4D5C-AA2C-6FC75D358422}.Debug|Any CPU.Build.0 = Debug|Any CPU
		{A52016B6-ABBD-4D5C-AA2C-6FC75D358422}.Release|Any CPU.ActiveCfg = Release|Any CPU
		{A52016B6-ABBD-4D5C-AA2C-6FC75D358422}.Release|Any CPU.Build.0 = Release|Any CPU
		{C4368745-2C35-4677-AC96-C73AA529DF76}.Debug|Any CPU.ActiveCfg = Debug|Any CPU
		{C4368745-2C35-4677-AC96-C73AA529DF76}.Debug|Any CPU.Build.0 = Debug|Any CPU
		{C4368745-2C35-4677-AC96-C73AA529DF76}.Release|Any CPU.ActiveCfg = Release|Any CPU
		{C4368745-2C35-4677-AC96-C73AA529DF76}.Release|Any CPU.Build.0 = Release|Any CPU
	EndGlobalSection
	GlobalSection(SolutionProperties) = preSolution
		HideSolutionNode = FALSE
	EndGlobalSection
	GlobalSection(NestedProjects) = preSolution
		{6DBB96CE-BE4E-4244-90A9-82067E6A0057} = {F2177321-38F4-4882-9B11-F8F3F3B78EC0}
		{6F3CA2F8-5BDF-4F86-9F24-6D27AD49CC8F} = {F2177321-38F4-4882-9B11-F8F3F3B78EC0}
		{E4646C3D-B44B-4B48-B845-4941CE8A722F} = {BA835C23-14A4-46C3-9577-A224790B1E97}
		{6F981EA5-EEB9-4B5E-BB63-4D6E8E03F828} = {BA835C23-14A4-46C3-9577-A224790B1E97}
		{9A458B9B-D03E-4C4F-B1A5-88760BE54939} = {BA835C23-14A4-46C3-9577-A224790B1E97}
		{FC2A2863-EB7F-4140-A0EC-CFDE4A450233} = {BA835C23-14A4-46C3-9577-A224790B1E97}
		{A10FDAE4-DA02-4183-844C-8E2303B43E1C} = {814683D5-C674-4EE8-A8CD-331B6A27FDBB}
		{CFEE58E9-4327-402F-8638-6DDB3124543F} = {814683D5-C674-4EE8-A8CD-331B6A27FDBB}
		{A52016B6-ABBD-4D5C-AA2C-6FC75D358422} = {814683D5-C674-4EE8-A8CD-331B6A27FDBB}
	EndGlobalSection
	GlobalSection(ExtensibilityGlobals) = postSolution
		SolutionGuid = {C76A4874-AF99-4018-AC27-4C2846CBF9F0}
	EndGlobalSection
EndGlobal
