
Microsoft Visual Studio Solution File, Format Version 12.00
# Visual Studio Version 16
VisualStudioVersion = 16.0.30907.101
MinimumVisualStudioVersion = 10.0.40219.1
Project("{9A19103F-16F7-4668-BE54-9A1E7A4F7556}") = "Client", "Client.csproj", "{9C50F862-11FF-488A-AE88-7F6ADC175187}"
EndProject
Project("{FAE04EC0-301F-11D3-BF4B-00C04F79EFBC}") = "Server", "..\Server\Server.csproj", "{6AE1C25A-F8FD-46C9-B0B8-CEFC220CA21A}"
EndProject
Global
	GlobalSection(SolutionConfigurationPlatforms) = preSolution
		Debug|Any CPU = Debug|Any CPU
		Release|Any CPU = Release|Any CPU
	EndGlobalSection
	GlobalSection(ProjectConfigurationPlatforms) = postSolution
		{9C50F862-11FF-488A-AE88-7F6ADC175187}.Debug|Any CPU.ActiveCfg = Debug|Any CPU
		{9C50F862-11FF-488A-AE88-7F6ADC175187}.Debug|Any CPU.Build.0 = Debug|Any CPU
		{9C50F862-11FF-488A-AE88-7F6ADC175187}.Release|Any CPU.ActiveCfg = Release|Any CPU
		{9C50F862-11FF-488A-AE88-7F6ADC175187}.Release|Any CPU.Build.0 = Release|Any CPU
		{6AE1C25A-F8FD-46C9-B0B8-CEFC220CA21A}.Debug|Any CPU.ActiveCfg = Debug|Any CPU
		{6AE1C25A-F8FD-46C9-B0B8-CEFC220CA21A}.Debug|Any CPU.Build.0 = Debug|Any CPU
		{6AE1C25A-F8FD-46C9-B0B8-CEFC220CA21A}.Release|Any CPU.ActiveCfg = Release|Any CPU
		{6AE1C25A-F8FD-46C9-B0B8-CEFC220CA21A}.Release|Any CPU.Build.0 = Release|Any CPU
	EndGlobalSection
	GlobalSection(SolutionProperties) = preSolution
		HideSolutionNode = FALSE
	EndGlobalSection
	GlobalSection(ExtensibilityGlobals) = postSolution
		SolutionGuid = {B4F5923E-1611-498F-B65C-D41FD62D0E16}
	EndGlobalSection
EndGlobal
