
Microsoft Visual Studio Solution File, Format Version 12.00
# Visual Studio Version 17
VisualStudioVersion = 17.1.32421.90
MinimumVisualStudioVersion = 10.0.40219.1
Project("{FAE04EC0-301F-11D3-BF4B-00C04F79EFBC}") = "NetTraffic", "NetTraffic.csproj", "{F20F8325-267E-48A2-A29A-92A465D714AE}"
EndProject
Global
	GlobalSection(SolutionConfigurationPlatforms) = preSolution
		Debug|Any CPU = Debug|Any CPU
		Release|Any CPU = Release|Any CPU
	EndGlobalSection
	GlobalSection(ProjectConfigurationPlatforms) = postSolution
		{F20F8325-267E-48A2-A29A-92A465D714AE}.Debug|Any CPU.ActiveCfg = Debug|Any CPU
		{F20F8325-267E-48A2-A29A-92A465D714AE}.Debug|Any CPU.Build.0 = Debug|Any CPU
		{F20F8325-267E-48A2-A29A-92A465D714AE}.Release|Any CPU.ActiveCfg = Release|Any CPU
		{F20F8325-267E-48A2-A29A-92A465D714AE}.Release|Any CPU.Build.0 = Release|Any CPU
	EndGlobalSection
	GlobalSection(SolutionProperties) = preSolution
		HideSolutionNode = FALSE
	EndGlobalSection
	GlobalSection(ExtensibilityGlobals) = postSolution
		SolutionGuid = {94F7BF8A-544F-4F0F-8887-2DCE8109D13C}
	EndGlobalSection
EndGlobal
